{
  "name": "vuepress-vueamap",
  "version": "1.0.0",
  "lockfileVersion": 1,
  "requires": true,
  "dependencies": {
    "vuepress-plugin-demo-container": {
      "version": "0.2.0",
      "resolved": "https://registry.npmjs.org/vuepress-plugin-demo-container/-/vuepress-plugin-demo-container-0.2.0.tgz",
      "integrity": "sha512-IXWZUc9+mErxjhBMRvhjHkGlXC3aXLS8wRV4kh4RZYAOVtb8nLv2fmpzwrSZrnIOXLGMcMTObdFruVzX9kBylw==",
      "dev": true
    }
  }
}
